
Microsoft Visual Studio Solution File, Format Version 12.00
# Visual Studio Version 17
VisualStudioVersion = 17.7.34202.233
MinimumVisualStudioVersion = 10.0.40219.1
Project("{FAE04EC0-301F-11D3-BF4B-00C04F79EFBC}") = "Pr3", "Pr3\Pr3.csproj", "{EA693D9D-B0DF-431A-B99C-24ECB986901B}"
EndProject
Global
	GlobalSection(SolutionConfigurationPlatforms) = preSolution
		Debug|Any CPU = Debug|Any CPU
		Release|Any CPU = Release|Any CPU
	EndGlobalSection
	GlobalSection(ProjectConfigurationPlatforms) = postSolution
		{EA693D9D-B0DF-431A-B99C-24ECB986901B}.Debug|Any CPU.ActiveCfg = Debug|Any CPU
		{EA693D9D-B0DF-431A-B99C-24ECB986901B}.Debug|Any CPU.Build.0 = Debug|Any CPU
		{EA693D9D-B0DF-431A-B99C-24ECB986901B}.Release|Any CPU.ActiveCfg = Release|Any CPU
		{EA693D9D-B0DF-431A-B99C-24ECB986901B}.Release|Any CPU.Build.0 = Release|Any CPU
	EndGlobalSection
	GlobalSection(SolutionProperties) = preSolution
		HideSolutionNode = FALSE
	EndGlobalSection
	GlobalSection(ExtensibilityGlobals) = postSolution
		SolutionGuid = {77F882F7-9642-4815-8763-8C2A50034CD2}
	EndGlobalSection
EndGlobal
